# This file is autogenerated, do not edit; changes may be undone by the next 'dep ensure'.


[[projects]]
  digest = "1:68619e4758e0e23f710f5d23fbea58827538acf53a8becf5eab6595b5a0b96cc"
  name = "github.com/Azure/azure-sdk-for-go"
  packages = [
    "profiles/latest/compute/mgmt/compute",
    "services/compute/mgmt/2018-04-01/compute",
    "version",
  ]
  pruneopts = "UT"
  revision = "f912cddf81bffc1569ccd89719a36acb64ca3035"
  version = "v20.2.0"

[[projects]]
  digest = "1:b8a61bb5402d1b01ada88ccb213da33a5d29683cba5ce93813aa67d5826afe56"
  name = "github.com/Azure/go-autorest"
  packages = [
    "autorest",
    "autorest/adal",
    "autorest/azure",
    "autorest/azure/auth",
    "autorest/date",
    "autorest/to",
    "autorest/validation",
    "logger",
    "version",
  ]
  pruneopts = "UT"
  revision = "9bc4033dd347c7f416fca46b2f42a043dc1fbdf6"
  version = "v10.15.5"

[[projects]]
  digest = "1:76dc72490af7174349349838f2fe118996381b31ea83243812a97e5a0fd5ed55"
  name = "github.com/dgrijalva/jwt-go"
  packages = ["."]
  pruneopts = "UT"
  revision = "06ea1031745cb8b3dab3f6a236daf2b0aa468b7e"
  version = "v3.2.0"

[[projects]]
  branch = "master"
  digest = "1:e608bc2d867c3ded40ccea5417715393a50704ac24004afa87431a0e1976e50d"
  name = "github.com/dimchansky/utfbom"
  packages = ["."]
  pruneopts = "UT"
  revision = "5448fe645cb1964ba70ac8f9f2ffe975e61a536c"

[[projects]]
  digest = "1:718c57979a9197414a044fff2028e57cb9fe145069e4f507059755bfe87f1bfe"
  name = "github.com/influxdata/influxdb"
  packages = [
    "client/v2",
    "models",
    "pkg/escape",
  ]
  pruneopts = "UT"
  revision = "dac4c6f571662c63dc0d73346787b8c7f113222a"
  version = "v1.7.0"

[[projects]]
  branch = "master"
  digest = "1:2c584d8971881e9f9a7dd2e0a712e83cb5ded51c5173eef1615ce3f047dbded3"
  name = "github.com/influxdata/platform"
  packages = [
    "models",
    "pkg/escape",
  ]
  pruneopts = "UT"
  revision = "9b529771ebb35c920689a621cac0917440e464b9"

[[projects]]
  digest = "1:c1b1102241e7f645bc8e0c22ae352e8f0dc6484b6cb4d132fa9f24174e0119e2"
  name = "github.com/spf13/pflag"
  packages = ["."]
  pruneopts = "UT"
  revision = "298182f68c66c05229eb03ac171abe6e309ee79a"
  version = "v1.0.3"

[[projects]]
  branch = "master"
  digest = "1:1d18232beafad93272158a9e9810f417b418c2f967e0506f3e2609c10310fe31"
  name = "golang.org/x/crypto"
  packages = [
    "pkcs12",
    "pkcs12/internal/rc2",
  ]
  pruneopts = "UT"
  revision = "e4dc69e5b2fd71dcaf8bd5d054eb936deb78d1fa"

[solve-meta]
  analyzer-name = "dep"
  analyzer-version = 1
  input-imports = [
    "github.com/Azure/azure-sdk-for-go/profiles/latest/compute/mgmt/compute",
    "github.com/Azure/go-autorest/autorest",
    "github.com/Azure/go-autorest/autorest/azure",
    "github.com/Azure/go-autorest/autorest/azure/auth",
    "github.com/influxdata/influxdb/client/v2",
    "github.com/spf13/pflag",
  ]
  solver-name = "gps-cdcl"
  solver-version = 1
